
Microsoft Visual Studio Solution File, Format Version 12.00
# Visual Studio 15
Project("{FAE04EC0-301F-11D3-BF4B-00C04F79EFBC}") = "Assembly-CSharp", "Assembly-CSharp.csproj", "{5F66E184-32A9-02D0-BC3C-A657A3A433D8}"
EndProject
Project("{FAE04EC0-301F-11D3-BF4B-00C04F79EFBC}") = "RuntimeInspector.Runtime", "RuntimeInspector.Runtime.csproj", "{D3654C95-33C0-38CA-32C7-9F0ABEF367E5}"
EndProject
Project("{FAE04EC0-301F-11D3-BF4B-00C04F79EFBC}") = "RuntimeTransformHandle", "RuntimeTransformHandle.csproj", "{B63996D3-C09C-8393-3012-356B55A50072}"
EndProject
Project("{FAE04EC0-301F-11D3-BF4B-00C04F79EFBC}") = "Unity.Nuget.NewtonsoftJson.EditorTests", "Unity.Nuget.NewtonsoftJson.EditorTests.csproj", "{21DCB25E-079B-9BD8-78DF-D10D7316193C}"
EndProject
Project("{FAE04EC0-301F-11D3-BF4B-00C04F79EFBC}") = "Assembly-CSharp-firstpass", "Assembly-CSharp-firstpass.csproj", "{36DBFF12-A48A-9790-5E16-2E7BF9CB64BD}"
EndProject
Project("{FAE04EC0-301F-11D3-BF4B-00C04F79EFBC}") = "SimpleFileBrowser.Runtime", "SimpleFileBrowser.Runtime.csproj", "{026A4043-4A8D-6088-BC5E-E8BFCF58461F}"
EndProject
Global
	GlobalSection(SolutionConfigurationPlatforms) = preSolution
		Debug|Any CPU = Debug|Any CPU
		Release|Any CPU = Release|Any CPU
	EndGlobalSection
	GlobalSection(ProjectConfigurationPlatforms) = postSolution
		{5F66E184-32A9-02D0-BC3C-A657A3A433D8}.Debug|Any CPU.ActiveCfg = Debug|Any CPU
		{5F66E184-32A9-02D0-BC3C-A657A3A433D8}.Debug|Any CPU.Build.0 = Debug|Any CPU
		{5F66E184-32A9-02D0-BC3C-A657A3A433D8}.Release|Any CPU.ActiveCfg = Release|Any CPU
		{5F66E184-32A9-02D0-BC3C-A657A3A433D8}.Release|Any CPU.Build.0 = Release|Any CPU
		{D3654C95-33C0-38CA-32C7-9F0ABEF367E5}.Debug|Any CPU.ActiveCfg = Debug|Any CPU
		{D3654C95-33C0-38CA-32C7-9F0ABEF367E5}.Debug|Any CPU.Build.0 = Debug|Any CPU
		{D3654C95-33C0-38CA-32C7-9F0ABEF367E5}.Release|Any CPU.ActiveCfg = Release|Any CPU
		{D3654C95-33C0-38CA-32C7-9F0ABEF367E5}.Release|Any CPU.Build.0 = Release|Any CPU
		{B63996D3-C09C-8393-3012-356B55A50072}.Debug|Any CPU.ActiveCfg = Debug|Any CPU
		{B63996D3-C09C-8393-3012-356B55A50072}.Debug|Any CPU.Build.0 = Debug|Any CPU
		{B63996D3-C09C-8393-3012-356B55A50072}.Release|Any CPU.ActiveCfg = Release|Any CPU
		{B63996D3-C09C-8393-3012-356B55A50072}.Release|Any CPU.Build.0 = Release|Any CPU
		{21DCB25E-079B-9BD8-78DF-D10D7316193C}.Debug|Any CPU.ActiveCfg = Debug|Any CPU
		{21DCB25E-079B-9BD8-78DF-D10D7316193C}.Debug|Any CPU.Build.0 = Debug|Any CPU
		{21DCB25E-079B-9BD8-78DF-D10D7316193C}.Release|Any CPU.ActiveCfg = Release|Any CPU
		{21DCB25E-079B-9BD8-78DF-D10D7316193C}.Release|Any CPU.Build.0 = Release|Any CPU
		{36DBFF12-A48A-9790-5E16-2E7BF9CB64BD}.Debug|Any CPU.ActiveCfg = Debug|Any CPU
		{36DBFF12-A48A-9790-5E16-2E7BF9CB64BD}.Debug|Any CPU.Build.0 = Debug|Any CPU
		{36DBFF12-A48A-9790-5E16-2E7BF9CB64BD}.Release|Any CPU.ActiveCfg = Release|Any CPU
		{36DBFF12-A48A-9790-5E16-2E7BF9CB64BD}.Release|Any CPU.Build.0 = Release|Any CPU
		{026A4043-4A8D-6088-BC5E-E8BFCF58461F}.Debug|Any CPU.ActiveCfg = Debug|Any CPU
		{026A4043-4A8D-6088-BC5E-E8BFCF58461F}.Debug|Any CPU.Build.0 = Debug|Any CPU
		{026A4043-4A8D-6088-BC5E-E8BFCF58461F}.Release|Any CPU.ActiveCfg = Release|Any CPU
		{026A4043-4A8D-6088-BC5E-E8BFCF58461F}.Release|Any CPU.Build.0 = Release|Any CPU
	EndGlobalSection
	GlobalSection(SolutionProperties) = preSolution
		HideSolutionNode = FALSE
	EndGlobalSection
EndGlobal
